# This file was autogenerated by uv via the following command:
#    uv pip compile --generate-hashes skills/lit-pptx/requirements.in -o skills/lit-pptx/requirements.lock
defusedxml==0.7.1 \
    --hash=sha256:1bb3032db185915b62d7c6209c5a8792be6a32ab2fedacc84e01b52c51aa3e69 \
    --hash=sha256:a352e7e428770286cc899e2542b6cdaedb2b4953ff269a210103ec58f6198a61
    # via -r skills/lit-pptx/requirements.in
lxml==6.1.3 \
    --hash=sha256:032a0a97eed428bd143c75a11118238546424ceb2fa311cca5f073aa44658dc4 \
    --hash=sha256:05f5bce9af14fd1506997594bd81cee6d9c6b58ea80a39c058327aa6371ed9e9 \
    --hash=sha256:0794e04ba343852c6d78e996c58ef4b8e579b4ecc72f8df0d4058bf843b4c96e \
    --hash=sha256:0ab2467e405e748d93495fb5568e74044802b8d3ff2b2a1607c3f78c6e982de5 \
    --hash=sha256:0bf5a3e397df2ec4258eb5eea4c1ac6cf013ca1abd04a176903bff20a70021fe \
    --hash=sha256:0c0710ac085a157b593c38fbcacd950f15c4afa8e2057527185875ab302752bc \
    --hash=sha256:0dee106e9aa97fb00541b1ed7827070564d0549c3d3fba8920e6b20fd980f748 \
    --hash=sha256:0f17d83c48ee9dfd96abae3ac3e2108c76d2fc86ce96355e37b8da9f7f4ecc08 \
    --hash=sha256:0feebef8d0521188d0157f758356072e840173aa61ca45b8b3f87959ac283dd5 \
    --hash=sha256:13a620a3fcc20023f9e6ed5c383e00e826f1c2d5db554df2f67240760f9118e8 \
    --hash=sha256:13d22c0d57355366b393936acf6b98a5e0edeadddd3fccbc6a846c50a76b8741 \
    --hash=sha256:160fcf381f76c3aeac28a756bec44f48942a8f7245a87aa28e3a523b4d90cd87 \
    --hash=sha256:16148acd77ed1d8836a56db883af2f5eed720f9723088110b16a0d08582130a6 \
    --hash=sha256:170773d8a3cdc76259065523ddd978c44f9806e28605f08812e8f86783e44ac6 \
    --hash=sha256:18293f8a8d8b6a8e71ef37706b659e3846a4261232158167b1ddf35f6994f633 \
    --hash=sha256:18a4db52b5a7b53a3540b0b0f4123319334621ee8083d496de314d0bf06ff59a \
    --hash=sha256:1a635e837b50a1819bebfedaac5916498ea024120969da8790500148fb0a894d \
    --hash=sha256:1aeca87830c4fe649dcf93fe2b059525b71c72587f21be4ae4af7103082a79fa \
    --hash=sha256:1b7c37339d7e75cab9a123a04248e243cefefb302ad6db566ea0c77cbcde421e \
    --hash=sha256:1beb0f9909b26cee938df9ba56b15252a84429b1fc30ce6fca161390b9789a70 \
    --hash=sha256:20384c2bbcbf87180c8c61eb60869699c1ec0cd09b62cfd13804022d860b0867 \
    --hash=sha256:20428910dae17a1a93152a3ff2c0441d2f4932992c0797d65651dd0561f1792f \
    --hash=sha256:207dfc3d47cf0e575e643bbc140dacc8863b39abaa1e5307cd64c7f2365b8a12 \
    --hash=sha256:209c3ccbfe35a04ac6d24f0611f9d1cbf8025d49991b14acd935236234d6c156 \
    --hash=sha256:2123e5aa075ac20d23c7af489255efd129cbfe190dbe88fd42598cc9df3199b6 \
    --hash=sha256:21402998e4b78e7cce237d2788841aaa21ac9a4d1574d04dc2d12ee41ae807b5 \
    --hash=sha256:2221e88679d1351e9a40aaee54bc65679b9795bbd0160bc3d5e36b163344eb75 \
    --hash=sha256:22eec57e26c418cde02c051ce9914a365e52a7f135a565c6f0480242aeebab48 \
    --hash=sha256:23c366231259cd75ad06495174701afb3fcb36a92917fa47de2d1f1bd9d95739 \
    --hash=sha256:25f4118c438f96bb466e83108506d03d5c31b1bd2387e83e5b070bda6ded9c37 \
    --hash=sha256:28a23fefdb345b2d4d0ff2860571b5ff9a89a28b6a120f720e8fb0324d346626 \
    --hash=sha256:290f66b97ede0e552e1cb44a0fd8a74f9753ee635b50830a0b122fb72788d015 \
    --hash=sha256:2b9b1325ca1c2a9a2dbb6eb913ae563313f2082ae60b03210f7e83ee80712274 \
    --hash=sha256:2bec13085dc8ef48a3fe62f7dfcacfeda2c785cdf19cc8eeda2bb9ed081da165 \
    --hash=sha256:2cae5d5c90a62d9139c512a0cb1aad1d182b022b5740daea2617eb5bf7fc658e \
    --hash=sha256:2e01125896585139453cab8cb235893644d8815d7509520da95ae3ee8d1c1f79 \
    --hash=sha256:2e62c569ec7531b679b184cbfe335c501c1d13c4b363560013019962eb630e6d \
    --hash=sha256:2f5b2a2b9811b853b39bfa41367c6d78747b8e3e80e07fc5a24aae295c1a4d7d \
    --hash=sha256:302f72413251c03f671e063c9414bed5dc8c927069e5abb69245521e51a4e81b \
    --hash=sha256:32a409be3190b088f960ac92bfedfbef2f86c49ff940765e1548177592d20026 \
    --hash=sha256:33cadd956b667997e4de1635fce9541f2e8ede2038fcde8cf55aa14d571d1bad \
    --hash=sha256:379f8a75cf6eb7eef0af074b55f49ab73b868388a98de14646abcdfa4564bb11 \
    --hash=sha256:3847e71a78cbbc1aff955dbbbaf2fff12153f611d3162c5beaa3395636cbc2f9 \
    --hash=sha256:38fc4e4e4e084e0bd491949482527d406788045c546d4f8789e93fc527b91385 \
    --hash=sha256:3a27ac6c780c8b8a1cd231b58407634cafc1c4cc28cd6c7141362df0f36351e7 \
    --hash=sha256:3a48093cdb058a93af842ede9703520e810b05dcd0fc6d7190a06376c3bfb6bd \
    --hash=sha256:3e42265103fb385d8642a78672edf376c6f7e1d3598a7a4f9cb1278f2f6b5f6f \
    --hash=sha256:3e9a00d1c2c30936f7add097c41afc5da6556c580909104aafd382cac92a855c \
    --hash=sha256:40983eabefd13da003e68170928c7acc011f0d095eefce5871a3c71c9385fb9a \
    --hash=sha256:40bcbd9f94166ffe925811e730607385cec959f42fb1bb7dad83748680465221 \
    --hash=sha256:41096ec0740a58dad03d3ae0c7486d306d20becefb13ceb1649835ab3eb64167 \
    --hash=sha256:415e3a115c0d510e329020012834d1c0aa1c581ee53a218603e38abbc1dea70a \
    --hash=sha256:41e2d428110b408e963b6fb18f9bbf1f5c027b56bd4b498d54556476c0aeb1c3 \
    --hash=sha256:424aa5657141d306ba9ad1baab4b2c0a0719040075ee6c66aee9bb2dea2b5054 \
    --hash=sha256:42632b4024ab24a6b488f559ac851312509888b6b80ae2aa11cf29a646a0d245 \
    --hash=sha256:45222d94ddd511536f3b2f7d9deae3b2339b4ce0f075f1ca25703b07cad9dd21 \
    --hash=sha256:4736e6c87e603146d8949d8501da621ad20c31015060d3fcf95ace2859f3e3e6 \
    --hash=sha256:48542c9acba9ff9450bd18d871d2c2c8787fdb283572b623d206f1b927cd7d9e \
    --hash=sha256:49fbc2682a9306135b7ec49e93f97f9c26689b9b7f96ed2742d8d6497e994d13 \
    --hash=sha256:4a579dfb9c835f8ab47f4b8ed33440cbc75b806b73297208e6ec2a33e903740b \
    --hash=sha256:4b061064b4a2fe8598a466d723d43dbcd5a610a5d5cfe02fb6226f5c17349f75 \
    --hash=sha256:4e11e885e0704be185867fcf71b904d8f65d7d6877bc121f69870b0d0479ba7b \
    --hash=sha256:4f4db7c7e954d289d71878938348b3d91b904a3e8210a11939359fb758a58e7d \
    --hash=sha256:527195c188d7d0af748cd48d220ab8cdc5cb99be3d49ac4d9be7324d8abf9bc0 \
    --hash=sha256:53258656846f5c48996b882fb4b135885e088a3ad3d96b4bc0530f95124d1f69 \
    --hash=sha256:545ccc14fb05485f48b4439ec35beb16d5b5280eb6c81c658bd4707a2a119414 \
    --hash=sha256:5609efdb0d3c95499c00046bc53648b3482ec2175b5503d6e611b3f0555dc71d \
    --hash=sha256:5929d9df5e7e3379183be0e21f7d559618a5b61cb63280df6164019242e337ed \
    --hash=sha256:5a143e6207579de8baeded4eaac9134413200359f1969d636f0bfb98ee8c3c8f \
    --hash=sha256:5a721a98c649855963811b59b55755b30566e7f7fc40bdc9803d66dee9f811cf \
    --hash=sha256:5cffe18571ccc51d742cd08cbb3f8b756de9311d18c7ea98f5d92f37b8fb60c2 \
    --hash=sha256:5d12669a2c419b0e8dc423d23dea24bb82f6f9cb829f32e04674b0ba40322a7c \
    --hash=sha256:5d582042c69857c364e8153de6e18e0da9b7b515a6a8113caf69a6ec8e0520f2 \
    --hash=sha256:61116cec57ed69aebc70f37a545eec095339bb829efbdabcfb97c51e9536e158 \
    --hash=sha256:611a51e61c92f62345a50b0035df6fc0d678f9299f33728826d831598862f59d \
    --hash=sha256:623c8799c17128753c65699f1c3aa32402657393a9ad6db09ed8b98ddf76611d \
    --hash=sha256:6374e9e382e5a98c9c5e66d41b357b470da1c54bce30f17f9dc4bcc58436cc1c \
    --hash=sha256:66299564c046bc7e0cc5de5106601eae907e9fa5904cd68a323380a8502f7861 \
    --hash=sha256:69cafd61aea04ebb3502c93c2aaa568b12931ca0802231e0b5de76bf8b6e74bd \
    --hash=sha256:6a406d0b3cb207b0fa460ed4dc93e866f44f105da0169361cb18ff998a44c7f0 \
    --hash=sha256:6ba4fe5bfbef6811a8e49b3719cde373ad399006c0c1ac184b7297116ecbba5d \
    --hash=sha256:6cd11e7550d89e551a87dcec30f04b1fca32e86b68708aa01a4daa455d8605e5 \
    --hash=sha256:6e1eb8a4cbffd5553680ad96be6680e364710656eced73d1dc90ec489df599a3 \
    --hash=sha256:6ea2f13dce778ca072ccee598bca46a092ce192e8fd907b6c1f0e52c800529a0 \
    --hash=sha256:71532ebf30be0048a45559b4fab15333fbaaf9042f658e878d918ecd0cf09805 \
    --hash=sha256:73fc05988ed20809450474ba760a87c8ad4e455fc09783c02195e56ec634b41a \
    --hash=sha256:75cc6569e86be5785b6188ef1642670c6adbc984e81ec35e224842ecd9eefcc8 \
    --hash=sha256:773062aec2f2e56b2b22d37054123f0de8a22a4688a0c3376c3fe42685f975cf \
    --hash=sha256:7ae4949f212a53b007dbc355884fda122545c5764a54256c9217e419a62a6559 \
    --hash=sha256:7b2bb7d703bed7ac893bf7f40d97b5d9279d35d2ce460624ca28929eab0d5a3d \
    --hash=sha256:7d0f5976aa2701996f759b30172925829867547bb073af0ae67d1307a0f0262c \
    --hash=sha256:7d5a748d12dd9b535e0a130f60dae9ddf0adafbabe61e7864f55c7436c84547a \
    --hash=sha256:7dd624c1eaa629ad44b59a1a0145fdf2d67895592dce94c9358b938b3d075e65 \
    --hash=sha256:7f75b9b9fec2a9c6b18095c81865580e795b1441c429e42d22fcc82a77f40039 \
    --hash=sha256:83e3a51e7933db700a0da0db31849db3a24022d9970da9bb73001e1d0326fd92 \
    --hash=sha256:8499d464de86fab0f102313cce32a9bed9ab1f06ec813cf025cb790964fbb765 \
    --hash=sha256:869dfcd4d381cb0ea87085cc4f011b9171b494ef21e76ad8665f6d5e2d1dc8a1 \
    --hash=sha256:8753b8d51dbc86fd335ee31fcf7f3658e9f5c016d4edfb23f76ad295f4b8c9d0 \
    --hash=sha256:887c021d9a977cff89cb273047c1352997b772a8908a25c21836861f69b92be1 \
    --hash=sha256:88e719b9437f148f7e1465df845c758dd1598618cbea3a2fd1e61a715542f2b2 \
    --hash=sha256:8a330c0ee5fa318c7b5cbbaad882baeca3f570357e7eb25ab34bf31008150758 \
    --hash=sha256:8db38ff3fb7aee7d6a82ae4da2eef1178656fe1216841fbd24870062a9d60473 \
    --hash=sha256:8e49a646acfab83c68974f4aa1d0a2acca9e88d7d627ae0fc13201b14b76d310 \
    --hash=sha256:909f4e927bb051f7740d6367285fc60cdcfdaf0258c2dba4ff5ba7eadadc250c \
    --hash=sha256:90f709b9accab6b2e4d14f5c8718203877a0486bcb3afd74d8b539ecd1e961d4 \
    --hash=sha256:92d96586376fb79a33474797186bf993250152ee5c32650b67db78d54b92e6f3 \
    --hash=sha256:93476b6514b373fc6ca67d26c442784f7807c86f00635bfe79f935c3eab2af17 \
    --hash=sha256:97acecb11cbc411473f15b8d780df06d7a9f3a2aad9aca78364f56640c8fb70e \
    --hash=sha256:97ce49699d87ebf8aad631b55d65b33219a4f1bfefbbf5bff19dc9af160aeaf9 \
    --hash=sha256:9bde9ae026a55b9a192078dfa6e27dd0ca4a050171ab6272e92f97b757dfdf48 \
    --hash=sha256:9e67324961ac9bbe616cce5100514d2e34d88665aeb07071e8b16eac55d06d94 \
    --hash=sha256:9efe56a68179f3adc4de41861c9358931db03837c48dd5e1c78077b84dd07f3a \
    --hash=sha256:a1932d7ce78a561367512c594fe66eac2b2ec9b9264cfd9b5f950622f4a116e2 \
    --hash=sha256:a1cec0f99b9b914d39176347a93b7610dc09324491aee1cbc57cd291a41a1d55 \
    --hash=sha256:a2e3f70673a1d5b82f38255f777d26cd855bf2092b1436c4867464a7892f9238 \
    --hash=sha256:a43b3bdf11e477dc7770609d3477316f974354dfc8425d596f64f471cc8daf6e \
    --hash=sha256:a5c18810318303ce9afb3f95e2ddb54834f96fa699a8600433fd5a93dcf44c56 \
    --hash=sha256:a7eb78ba28b187e1e9203a55c60fcf70df2d22cb205fe6d51b9383d6097419f0 \
    --hash=sha256:aa633613ff907ea91b9b0489a1f0da1b8725d8c6ccec6b77e8a1c9c235044bb0 \
    --hash=sha256:aa9fd1ee2a5dacfc41039ed49ffeeacfa75bafbd255b69f3b578e11897a0e623 \
    --hash=sha256:ace1d2c83b2bd24db5940600541140e87a325e119cb32d5fa9ad720d7e76648e \
    --hash=sha256:b1cc980905221a5d8b3c476330730b3adb40ff80add71ffbdb6215ba055656f1 \
    --hash=sha256:b37772102d44bb6628186accca3a121b1fa3a6b3d97518a8c29a5229ca4c0d0a \
    --hash=sha256:b3ff39654f0ce6ebd4db154211136dbe7e8157bcc3bed2344c87f32c7c6ecb6c \
    --hash=sha256:b477912f42c5c33405a10c759d22f80cf5af043ae02d95b9d8e5e5bc555739ed \
    --hash=sha256:b49638355ea3bebba70da783ccbc630fd72afa16bc46c54474bfa1f9a915bbc6 \
    --hash=sha256:b4fc6b03b9d9d90557274f571ab30e7fbbfc527955536935d96f98b6817a86e4 \
    --hash=sha256:b50343241eb69fd85f7791cf8bcc7b1c4729826b7d59ba2f6b27db29638fa745 \
    --hash=sha256:bc8dd3d9c93e70c3df974a201ac2958b6d77b465d813c51d1f15fa8e645763ae \
    --hash=sha256:be5346653c0b0e34be96869ff9dbeba23860156f89a2896a64c64fb419260cb6 \
    --hash=sha256:c00e26288784460885fe76e4d4b293573e0f791f52e6d60e27b42edf005922eb \
    --hash=sha256:c1b50797ac246bb2942a04b6c0f69af0667aba7cf7535f39bbb1b3208fd5d128 \
    --hash=sha256:c34ca1dc41bd86d9ff830d5bdf4e4a752bba6c54f7d2707027ce0eabd36084c9 \
    --hash=sha256:c55e71a9b1db1f107efb60da49c093689b74c5c31a708e5379e2fd9439d4fbb5 \
    --hash=sha256:c581b1d68b3845fb86c6b2983e755b29bf001461c59fa411d2c26a911b6559a9 \
    --hash=sha256:c59e4265608da6a041f54646ecc0c9ecdbb19aaf14c4c684bb6c2114998cc415 \
    --hash=sha256:c5e7ce578aa8a80910a72a8ca0bbea3baae10100827249001999726a788456d8 \
    --hash=sha256:c66f858b82497173f73366795fc6ee8171620e75a338506d6b2e7bc16f5fca11 \
    --hash=sha256:c6c0c13128a32eb04a51357e56a094e13aa8e6d3d1884de2e9ae923f6915e1a8 \
    --hash=sha256:c9389b3784b56c58d933b5e0aecdf28f901b073ff385358d8a7d40907f6e14b2 \
    --hash=sha256:ca0ec532ad2f5ba1e5ec120ac157769c57f01855b3d8bf37213f5d88abd9ba0a \
    --hash=sha256:cad7617727a96d189bd6f979d0fadf765198c7934e85f4edaba9bf3ad919a300 \
    --hash=sha256:cae82b5ca24b0c2beedb269f6e2a96f466acd926879ab00ae19f1a65cbf9ffb0 \
    --hash=sha256:cc669256d28736f7f3a149df5c380c50ace2692ba3e62203d10656fade4a2145 \
    --hash=sha256:ce1f220114959941170e22b8ad44279f6dee2dcef7591814d01ae805dc058889 \
    --hash=sha256:cfb398886a7eb4c719161c3efcff2a1248febc53a4d8e5072d2d8a87fed84ac9 \
    --hash=sha256:d077f21f4b16f0471353883748f126f62038760397c107bb9fad2ca94dc0dfb7 \
    --hash=sha256:d0c5c362bc94f1929dc7e96e715bbe7bd17037f802e6d8f0d1545df9133c0559 \
    --hash=sha256:d2765c18ce303149ee804b1f3dad11232726dd0a702d73a15cf19179ac8cc962 \
    --hash=sha256:d44442effeb8781f392340c5dc8c6716fba41dbeacb82fd4c0f09026fb5ff682 \
    --hash=sha256:d85dfab42dd672f87a7f76e9de7172962aee69fa12044f0d6e1a23cbd53fb80e \
    --hash=sha256:d97c5227621af74b111882a290b10f371780a38eef9d9e730408fba2259b52fb \
    --hash=sha256:d9a0d12846d6ce434fb3857918eef4315ec9b4769deb020c75828798614bfcfd \
    --hash=sha256:d9b3e7d71bf6acff341233417abbdface29c647e3113892d9aaedc02eb4aa2bc \
    --hash=sha256:da707f14ea3c35ee463d50acd596d6488e4b2b4ae7cf77a5bf93f55c023d63e8 \
    --hash=sha256:da85db328e507da922d586c3c7416ec360ec22e9cd9e0700691afacde0c81f53 \
    --hash=sha256:dc205732d593118cf701d986f40e9de7801bb2e371cb189ddbda9b7348f4d97e \
    --hash=sha256:dc3a44689eea43eab836e5c98a8ab015dc2419987d1ea6eafc7c590cdff86bed \
    --hash=sha256:dd5e90f34cffcfed97f36cf066325773d2b6021c60c29942e53a18b028501b1d \
    --hash=sha256:ddcf547bea2aee967d6a77779376a45e77e610e8465147a1f3d7e20d539d6e32 \
    --hash=sha256:e477aca0bc0d19f3b4ae9e4f2a1cfd687c31bf772d78734910658186b40b2477 \
    --hash=sha256:e8b17e23df3e827a69d25af70990ca2420e92668aaffaeeb3cd2351d7916a023 \
    --hash=sha256:e99e09ab7741f1281e2677f4c0058c7f5267d182530b09c87e4f6aa26adf3887 \
    --hash=sha256:ea2c01cdb16dc12156e455007c406dfaaece0c89aa4ba0e3b47586779f951d41 \
    --hash=sha256:ea6b1e9105b4b24a34c722432d9fb578f9ed83af21fa1abda639011e0f22bbb6 \
    --hash=sha256:ebd054ad1737a68fb7c5c073d405cef2b88bb824e294de3b4a4e995b47f0e376 \
    --hash=sha256:ec295280f4b37769256da025acf5890370355ac589c27e89caae0b5e9eedc702 \
    --hash=sha256:f6449672f9c93316deb5e2839e18931f468670e44d5bd9b1301a5a9655d45c07 \
    --hash=sha256:f683dc6300317700025e41d89a43e0276692ded16113a3c43eab704d605c58e5 \
    --hash=sha256:f6b9d2aad499c769ee8287609ab0e6de99d8bcea99c6e6c2e64945259fd52fb2 \
    --hash=sha256:f8b9c8ceebae6387d0dc77f7f4dbbfbfc962dba2efbfe6877486075a480726b4 \
    --hash=sha256:fad67b12ffe0f71e02b4932b04883cbc76a9072bbd30731409d3523cf058b011 \
    --hash=sha256:fbfb70ba01355251faf6b293171df49f73a88a1b6494db109ffea85442574458 \
    --hash=sha256:fe91993149523aa59941b9e3c90e2eb45f57ad014697aef6c8b13339a59c019e \
    --hash=sha256:febd35ef45f603c2d74b74655efdbf45e14f55fc0aef4ac82b663ca829b283e0 \
    --hash=sha256:ff88a92cafde90888511242d1c54afcc1a8adbb6dc0a88fa7f87e29e92400d4a
    # via python-pptx
pillow==12.3.0 \
    --hash=sha256:00808c5e14ef63ac5161091d242999076604ff74b883423a11e5d7bbb38bf756 \
    --hash=sha256:04f01d28a6aaff387bf842a13be313df23ba0597a44f1a976c9feb3c6ff4711a \
    --hash=sha256:06ff022112bc9cbf83b60f8e028d94ad87b60621706487e65f673de61610ab59 \
    --hash=sha256:0740a512dc522224c77d9aa5a8d70d8b7d73fb91f2c21125d8d025d3b8990e45 \
    --hash=sha256:0847a763afefb695bc912d7c131e7e0632d4edc1d8698f58ddabec8e46b8b6d3 \
    --hash=sha256:0dd2064cbc55aaec028ef5fbb60fa47bb6c3e7918e07ff17935284b227a9d2df \
    --hash=sha256:0feb2e9d6ad6c9e3c06effe9d00f3f1e618a6643273576b016f591e9315a7139 \
    --hash=sha256:10e41f0fbf1eec8cfd234b8fe17a4caac7c9d0db4c204d3c173a8f9f6ef3232b \
    --hash=sha256:1182d52bc2d5e5d7d0949503aa7e36d12f42205dc287e4883f407b1988820d39 \
    --hash=sha256:164b31cd1a0490ab6efae01aa5df49da7061be0af1b30e035b6e9a1bfe34ee6e \
    --hash=sha256:1657923d2d45afb66526e5b933e5b3052e6bdea196c90d3abb2424e18c77dae8 \
    --hash=sha256:186941b6aef820ad110fb01fb06eb925374dc3a21b17e37ec9a53b250c6fe2d1 \
    --hash=sha256:1cca606cd25738df4ed873d5ad46bbdb3d83b5cbca291f6b4ff13a4df6b0bbe8 \
    --hash=sha256:21900ce7ba264168cd50defae43cd75d25c833ad4ad6e73ffc5596d12e25ac89 \
    --hash=sha256:236ff70b9312fb68943c703aa842ca6a758abfa45ac187a5e7c1452e96ef72b5 \
    --hash=sha256:23aceaa007d6172b02c277f0cd359c79492bbb14f7072b4ede9fbcaf20648130 \
    --hash=sha256:23d27a3e0307ec2244cc51e7287b919aa68d097504ebe19df4e76a98a3eea5bd \
    --hash=sha256:24870b09b224f7ae3c39ed07d10e819d06f8720bc551847b1d623832b5b0e28d \
    --hash=sha256:251bf95b67017e27b13d82f5b326234ca62d70f9cf4c2b9032de2358a3b12c7b \
    --hash=sha256:25b9b82bb22e6e2b3cd07b39c68b7b862001226cb3dff7130d1cb914121b39ed \
    --hash=sha256:28ce87c5ab450a9dd970b52e5aca5fe63ed432d18a2eaddd1979a00a1ba24ace \
    --hash=sha256:300557495eb45ebb8aec96c2da9c4be642fbf7cd937278b4013ba894ea8eb0eb \
    --hash=sha256:30f2aa603c41533cc25c05acd0da21636e84a315768feb631c937177db558931 \
    --hash=sha256:331b624368d4f1d069149002f25f44bc61c8919ce8ddb3c45bdad8f6e2d89510 \
    --hash=sha256:37d6d0a00072fd2948eb22bce7e1475f34569d90c87c59f7a2ec59541b77f7a6 \
    --hash=sha256:37dc8f7bbb66efe481bb60defacef820c950c24713fb44962ed6aa2a50966de1 \
    --hash=sha256:3b8182a766685eaa002637e28b4ec8d6b18819a0c71f579bf0dbaa5830297cce \
    --hash=sha256:3edce1d53195db527e0191f84b71d02022de0540bf43a16ed734ed7537b07385 \
    --hash=sha256:446c34dcc4324b084a53b705127dc15717b22c5e140ae0a3c38349d4efec071e \
    --hash=sha256:4998562bf62a445225f22e07c896bb04b35b1b1f2eb6d760584c9c51d7a5f78c \
    --hash=sha256:4b0a7fe987b14c31ebda6083f74f22b561fd3739bc0ac51e019622e3d72668c7 \
    --hash=sha256:4e8c2a84d977f50b9daed6eeaf3baef67d00d5d74d932288f02cb94518ee3ace \
    --hash=sha256:4f883547d4b7f0495ebe7056b0cc2aea76094e7a4abc8e933540f3271df27d9c \
    --hash=sha256:514435a37670e3e5e08f3945b68718b6ed329bb84367777e16f9f4dfe1e61a0f \
    --hash=sha256:53aa02d20d10c3d814d536aa4e5ac9b84ca0ff5a88377963b085ad6822f93e64 \
    --hash=sha256:5594fc43d548a7ed94949d139aa1341b270f1863f11cfd37f5a6c8b778a6b67f \
    --hash=sha256:571b9fcb07b97ef3a492028fb3d2dc0993ca23a06138b0315286566d29ef718a \
    --hash=sha256:57b3d78c95ba9059768b10e28b813002261d3f3dfc55cc48b0c988f625175827 \
    --hash=sha256:5afb51d599ea772b8365ae807ae557f18bccfe46ab261fd1c2a9ed700fc6eb17 \
    --hash=sha256:6b02afb9b97f65fbca5f31db6a2a3ba21aa93030225f150fa3f249717e938fb4 \
    --hash=sha256:6c0016e7b354317c4e9e525b937ac8596c38d2d232b419529b9cd7a1cd46e39a \
    --hash=sha256:71d6097b330eea8fd15097780c8e89cb1a8ce7838669f48c5bacd6f663dd4701 \
    --hash=sha256:756c768d0c9c2955feb7a56c37ea24aea2e369f8d36a88da270b6a9f19e62b5e \
    --hash=sha256:78cb2c6865a35ab8ff8b75fd122f6033b92a62c82801110e48ddd6c936a45d91 \
    --hash=sha256:7a743ff716f746fc19a9557f60dab1600d4613255f8a7aeb3cdde4db7eb15a66 \
    --hash=sha256:85f998ea1848bc6757289e739cfbdda3a04adfd58b02fc018ce54d754a5ce468 \
    --hash=sha256:8728f216dcdb6e6d555cf971cb34076139ad74b31fc2c14da4fafc741c5f6217 \
    --hash=sha256:877c3f311ff35410f690861c4409e7ccbf0cd2f878e50628a28e5a0bb689e658 \
    --hash=sha256:8cd2f7bdda092d99c9fc2fb7391354f306d01443d22785d0cbfafa2e2c8bb418 \
    --hash=sha256:8e95e1385e4998ae9694eeaa4730ba5457ff61185b3a55e2e7bea0880aef452a \
    --hash=sha256:962864dc93511324d51ddbb5b9f8731bf71675b93ca612a07441896f4688fb8c \
    --hash=sha256:9cf95fe4d0f84c82d282745d9bb08ad9f926efa00be4697e767b814ce40d4330 \
    --hash=sha256:9e881fca225083806662a5c43d627d215f258ff43c890f831966c7d7ba9c7402 \
    --hash=sha256:a2b55dd6b2a4c4b7d87ffa56bdb33fdc5fdb9a462173861a7bc097f17d91cb09 \
    --hash=sha256:a45650e8ce7fafffd731db8550230db6b0d306d181a90b67d3e6bca2f1990930 \
    --hash=sha256:a876864214e136f0eb367788dbd7df045f4806801518e2cfe9e13229cfe06d8f \
    --hash=sha256:ae26d61dfa7a47befdc7572b521024e8745f3d809bd95ca9505a7bba9ef849ec \
    --hash=sha256:af8d94b0db561cf68b88a267c5c44b49e134f525d0dc2cb7ed413a66bc23559a \
    --hash=sha256:b343699e8308bdc51978310e1c959c584e7869cc8c40780058c87da7781a1e94 \
    --hash=sha256:b3c777e849237620b022f7f297dd67705f9f5cf1685f09f02e46f93e92725468 \
    --hash=sha256:b629de27fda84b42cde7edef0d85f13b958b47f6e9bbcbba9b673c562a89bd8b \
    --hash=sha256:ba09209fbe443b4acccebe845d8a138b89a8f4fbaeedd44953490b5315d5e965 \
    --hash=sha256:ba54cfebe86920a559a7c4d6b9050791c20513650a1952ebe3368c7dc70306f8 \
    --hash=sha256:bcb46e2f9feff8d06323983bd83ed00c201fdcab3d74973e7072a889b3979fcd \
    --hash=sha256:bcc33feacfaefce60c12fd500a277533bdc02b10a19f7f6d348763d8140bbba7 \
    --hash=sha256:bf16ba1b4d0b6b7c8e534936632270cf70eb00dbe09005bc345b2677b726855c \
    --hash=sha256:cf1845d02ad822a369a49f2bb9345b1614744267682e7a03527dc3bf6eea1777 \
    --hash=sha256:d69141514cc30b774ceea5e3ed3a6635c8d8a96edf664689b890f4089111fb35 \
    --hash=sha256:d9c7f76c0673154f044e9d78c8655fb4213f6ca31a836df48b40fe5d187717b9 \
    --hash=sha256:dbce0b29841537a2fa4a214c2bbf14de3587c9680caa9b4e217568472490b28f \
    --hash=sha256:dc624f6bc473dacdf7ef7eb8678d0d08edf15cd94fad6ae5c7d6cc67a4e4902f \
    --hash=sha256:e158cb00350dc278f3b91551101aa7d12415a66ebf2c91d8d5ac14e56ddd3ad0 \
    --hash=sha256:e491916b378fba47242221bb9ead245211b70d504f495d105d17b14a24b4907c \
    --hash=sha256:e795b7eb908249c4e43c7c99fac7c2c75dab0c43566e37db472a355f63693d71 \
    --hash=sha256:e7e480451b9fa137494bccd3a7d69adbe8ac65a87d97be61e11f1b1050a5bac3 \
    --hash=sha256:e91206ee562682b51b98ef4b26a6ef48fd84e15fd4c4bc5ec768eb641d206838 \
    --hash=sha256:e9871b1ffbfa9656b60aeee92ed5136a5742696006fa322b29ea3d8da0ecc9cf \
    --hash=sha256:e9aeb04d6aef139de265b29683e119b638208f88cf73cdd1658aa07221165321 \
    --hash=sha256:ebaea975e03d3141d9d3a507df75c9b3ec90fa9d2ffd07567b3a978d9d790b26 \
    --hash=sha256:f0606c8bf2cdefea14a43530f7657cbbb7ecf1c4222512492ef4a4434a9501ec \
    --hash=sha256:f13c32a3abd6079a66d9526e18dad9b6d280384d49d7c54040cd57b6424041d9 \
    --hash=sha256:f7401aebd7f581d7f83a439d87d474999317ee099218e5ad25d125290990ba65 \
    --hash=sha256:fa4ecea169a355be7a3ade2c783e2ed12f0e40d2c5621cda8b3297faf7fbb9f5 \
    --hash=sha256:fbd139c8447d25dd750ab79ee274cc5e1fe80fc56340ab10b18a195e1b6eca3e \
    --hash=sha256:fdafc9cce40277e0f7a0feabce0ee50dd2fa1800f3b38015e51296b5e814048d \
    --hash=sha256:fe3cca2e4e8a592be0f269a1ca4835c25199d9f3ce815c8491048f785b0a0198 \
    --hash=sha256:ffd0c5368496f41b0944be820fcb7a838aa6e623d250b01acf2643939c3f99d7
    # via python-pptx
python-pptx==1.0.2 \
    --hash=sha256:160838e0b8565a8b1f67947675886e9fea18aa5e795db7ae531606d68e785cba \
    --hash=sha256:479a8af0eaf0f0d76b6f00b0887732874ad2e3188230315290cd1f9dd9cc7095
    # via -r skills/lit-pptx/requirements.in
typing-extensions==4.16.0 \
    --hash=sha256:481caa481374e813c1b176ada14e97f1f67a4539ce9cfeb3f350d78d6370c2e8 \
    --hash=sha256:dc983d19a509c94dba722ee6abd33940f7c05a89e243c47e907eb4db6f1a43e5
    # via python-pptx
xlsxwriter==3.2.9 \
    --hash=sha256:254b1c37a368c444eac6e2f867405cc9e461b0ed97a3233b2ac1e574efb4140c \
    --hash=sha256:9a5db42bc5dff014806c58a20b9eae7322a134abb6fce3c92c181bfb275ec5b3
    # via python-pptx
